
Microsoft Visual Studio Solution File, Format Version 12.00
# Visual Studio 15
VisualStudioVersion = 15.0.27703.2047
MinimumVisualStudioVersion = 10.0.40219.1
Project("{F2A71F9B-5D33-465A-A702-920D77279786}") = "FixConfig", "FixConfig\FixConfig.fsproj", "{541563B2-9392-4300-B22F-9FDA63A99744}"
EndProject
Global
	GlobalSection(SolutionConfigurationPlatforms) = preSolution
		Debug|Any CPU = Debug|Any CPU
		Release|Any CPU = Release|Any CPU
	EndGlobalSection
	GlobalSection(ProjectConfigurationPlatforms) = postSolution
		{541563B2-9392-4300-B22F-9FDA63A99744}.Debug|Any CPU.ActiveCfg = Debug|Any CPU
		{541563B2-9392-4300-B22F-9FDA63A99744}.Debug|Any CPU.Build.0 = Debug|Any CPU
		{541563B2-9392-4300-B22F-9FDA63A99744}.Release|Any CPU.ActiveCfg = Release|Any CPU
		{541563B2-9392-4300-B22F-9FDA63A99744}.Release|Any CPU.Build.0 = Release|Any CPU
	EndGlobalSection
	GlobalSection(SolutionProperties) = preSolution
		HideSolutionNode = FALSE
	EndGlobalSection
	GlobalSection(ExtensibilityGlobals) = postSolution
		SolutionGuid = {51CFF78D-3492-447A-A132-A23EC209473C}
	EndGlobalSection
EndGlobal
